{
  "name": "02_commonjs-node",
  "version": "1.0.0",
  "lockfileVersion": 1,
  "requires": true,
  "dependencies": {
    "jquery": {
      "version": "3.4.1",
      "resolved": "https://registry.npm.taobao.org/jquery/download/jquery-3.4.1.tgz",
      "integrity": "sha1-cU8fjZ3eS9+lV2S6N+8hRjDYDvI="
    },
    "uniq": {
      "version": "1.0.1",
      "resolved": "https://registry.npm.taobao.org/uniq/download/uniq-1.0.1.tgz",
      "integrity": "sha1-sxxa6CVIRKOoKBVBzisEuGWnNP8="
    },
    "unique": {
      "version": "0.0.1",
      "resolved": "https://registry.npm.taobao.org/unique/download/unique-0.0.1.tgz",
      "integrity": "sha1-iCXJRG2bD9J14wDt2yD200cw/Yc="
    }
  }
}
